{
  "name": "src",
  "lockfileVersion": 3,
  "requires": true,
  "packages": {
    "": {
      "devDependencies": {
        "@webgpu/types": "^0.1.68"
      }
    },
    "node_modules/@webgpu/types": {
      "version": "0.1.68",
      "resolved": "https://registry.npmjs.org/@webgpu/types/-/types-0.1.68.tgz",
      "integrity": "sha512-3ab1B59Ojb6RwjOspYLsTpCzbNB3ZaamIAxBMmvnNkiDoLTZUOBXZ9p5nAYVEkQlDdf6qAZWi1pqj9+ypiqznA==",
      "dev": true,
      "license": "BSD-3-Clause"
    }
  }
}
